// !$*UTF8*$!
{
	archiveVersion = 1;
	classes = {
	};
	objectVersion = 55;
	objects = {

/* Begin PBXBuildFile section */
		D0044A9327C16DFB00CF9C82 /* AppDelegate.swift in Sources */ = {isa = PBXBuildFile; fileRef = D0044A9227C16DFB00CF9C82 /* AppDelegate.swift */; };
		D0044A9527C16DFB00CF9C82 /* SceneDelegate.swift in Sources */ = {isa = PBXBuildFile; fileRef = D0044A9427C16DFB00CF9C82 /* SceneDelegate.swift */; };
		D0044A9727C16DFB00CF9C82 /* MainTabBarViewController.swift in Sources */ = {isa = PBXBuildFile; fileRef = D0044A9627C16DFB00CF9C82 /* MainTabBarViewController.swift */; };
		D0044A9C27C16DFE00CF9C82 /* Assets.xcassets in Resources */ = {isa = PBXBuildFile; fileRef = D0044A9B27C16DFE00CF9C82 /* Assets.xcassets */; };
		D0044A9F27C16DFE00CF9C82 /* LaunchScreen.storyboard in Resources */ = {isa = PBXBuildFile; fileRef = D0044A9D27C16DFE00CF9C82 /* LaunchScreen.storyboard */; };
		D0EC006727C2231D001DA797 /* HomeViewController.swift in Sources */ = {isa = PBXBuildFile; fileRef = D0EC006627C2231D001DA797 /* HomeViewController.swift */; };
		D0EC006927C22357001DA797 /* UpcomingViewController.swift in Sources */ = {isa = PBXBuildFile; fileRef = D0EC006827C22357001DA797 /* UpcomingViewController.swift */; };
		D0EC006B27C22397001DA797 /* SearchViewController.swift in Sources */ = {isa = PBXBuildFile; fileRef = D0EC006A27C22397001DA797 /* SearchViewController.swift */; };
		D0EC006D27C223B3001DA797 /* DownloadsViewController.swift in Sources */ = {isa = PBXBuildFile; fileRef = D0EC006C27C223B3001DA797 /* DownloadsViewController.swift */; };
		D0EC007527C22FB6001DA797 /* CollectionViewTableViewCell.swift in Sources */ = {isa = PBXBuildFile; fileRef = D0EC007427C22FB6001DA797 /* CollectionViewTableViewCell.swift */; };
		D0EC007727C24A3A001DA797 /* HeroHeaderUIView.swift in Sources */ = {isa = PBXBuildFile; fileRef = D0EC007627C24A3A001DA797 /* HeroHeaderUIView.swift */; };
		D0EC007927C294AF001DA797 /* ApiCaller.swift in Sources */ = {isa = PBXBuildFile; fileRef = D0EC007827C294AF001DA797 /* ApiCaller.swift */; };
		D0EC007B27C29B0A001DA797 /* TrendingMoviesResponse.swift in Sources */ = {isa = PBXBuildFile; fileRef = D0EC007A27C29B0A001DA797 /* TrendingMoviesResponse.swift */; };
/* End PBXBuildFile section */

/* Begin PBXFileReference section */
		D0044A8F27C16DFB00CF9C82 /* Film Forever.app */ = {isa = PBXFileReference; explicitFileType = wrapper.application; includeInIndex = 0; path = "Film Forever.app"; sourceTree = BUILT_PRODUCTS_DIR; };
		D0044A9227C16DFB00CF9C82 /* AppDelegate.swift */ = {isa = PBXFileReference; lastKnownFileType = sourcecode.swift; path = AppDelegate.swift; sourceTree = "<group>"; };
		D0044A9427C16DFB00CF9C82 /* SceneDelegate.swift */ = {isa = PBXFileReference; lastKnownFileType = sourcecode.swift; path = SceneDelegate.swift; sourceTree = "<group>"; };
		D0044A9627C16DFB00CF9C82 /* MainTabBarViewController.swift */ = {isa = PBXFileReference; lastKnownFileType = sourcecode.swift; path = MainTabBarViewController.swift; sourceTree = "<group>"; };
		D0044A9B27C16DFE00CF9C82 /* Assets.xcassets */ = {isa = PBXFileReference; lastKnownFileType = folder.assetcatalog; path = Assets.xcassets; sourceTree = "<group>"; };
		D0044A9E27C16DFE00CF9C82 /* Base */ = {isa = PBXFileReference; lastKnownFileType = file.storyboard; name = Base; path = Base.lproj/LaunchScreen.storyboard; sourceTree = "<group>"; };
		D0044AA027C16DFE00CF9C82 /* Info.plist */ = {isa = PBXFileReference; lastKnownFileType = text.plist.xml; path = Info.plist; sourceTree = "<group>"; };
		D0EC006627C2231D001DA797 /* HomeViewController.swift */ = {isa = PBXFileReference; lastKnownFileType = sourcecode.swift; path = HomeViewController.swift; sourceTree = "<group>"; };
		D0EC006827C22357001DA797 /* UpcomingViewController.swift */ = {isa = PBXFileReference; lastKnownFileType = sourcecode.swift; path = UpcomingViewController.swift; sourceTree = "<group>"; };
		D0EC006A27C22397001DA797 /* SearchViewController.swift */ = {isa = PBXFileReference; lastKnownFileType = sourcecode.swift; path = SearchViewController.swift; sourceTree = "<group>"; };
		D0EC006C27C223B3001DA797 /* DownloadsViewController.swift */ = {isa = PBXFileReference; lastKnownFileType = sourcecode.swift; path = DownloadsViewController.swift; sourceTree = "<group>"; };
		D0EC007427C22FB6001DA797 /* CollectionViewTableViewCell.swift */ = {isa = PBXFileReference; lastKnownFileType = sourcecode.swift; path = CollectionViewTableViewCell.swift; sourceTree = "<group>"; };
		D0EC007627C24A3A001DA797 /* HeroHeaderUIView.swift */ = {isa = PBXFileReference; lastKnownFileType = sourcecode.swift; path = HeroHeaderUIView.swift; sourceTree = "<group>"; };
		D0EC007827C294AF001DA797 /* ApiCaller.swift */ = {isa = PBXFileReference; lastKnownFileType = sourcecode.swift; path = ApiCaller.swift; sourceTree = "<group>"; };
		D0EC007A27C29B0A001DA797 /* TrendingMoviesResponse.swift */ = {isa = PBXFileReference; lastKnownFileType = sourcecode.swift; path = TrendingMoviesResponse.swift; sourceTree = "<group>"; };
/* End PBXFileReference section */

/* Begin PBXFrameworksBuildPhase section */
		D0044A8C27C16DFB00CF9C82 /* Frameworks */ = {
			isa = PBXFrameworksBuildPhase;
			buildActionMask = 2147483647;
			files = (
			);
			runOnlyForDeploymentPostprocessing = 0;
		};
/* End PBXFrameworksBuildPhase section */

/* Begin PBXGroup section */
		D0044A8627C16DFB00CF9C82 = {
			isa = PBXGroup;
			children = (
				D0044A9127C16DFB00CF9C82 /* Film Forever */,
				D0044A9027C16DFB00CF9C82 /* Products */,
			);
			sourceTree = "<group>";
		};
		D0044A9027C16DFB00CF9C82 /* Products */ = {
			isa = PBXGroup;
			children = (
				D0044A8F27C16DFB00CF9C82 /* Film Forever.app */,
			);
			name = Products;
			sourceTree = "<group>";
		};
		D0044A9127C16DFB00CF9C82 /* Film Forever */ = {
			isa = PBXGroup;
			children = (
				D0EC007327C22F45001DA797 /* Managers */,
				D0EC007227C22F2C001DA797 /* Resources */,
				D0EC007127C22EF4001DA797 /* Models */,
				D0EC006F27C22EE1001DA797 /* Views */,
				D0EC007027C22EEB001DA797 /* ViewModels */,
				D0EC006527C222CA001DA797 /* Controllers */,
				D0044A9227C16DFB00CF9C82 /* AppDelegate.swift */,
				D0044A9427C16DFB00CF9C82 /* SceneDelegate.swift */,
				D0044A9627C16DFB00CF9C82 /* MainTabBarViewController.swift */,
				D0044A9B27C16DFE00CF9C82 /* Assets.xcassets */,
				D0044A9D27C16DFE00CF9C82 /* LaunchScreen.storyboard */,
				D0044AA027C16DFE00CF9C82 /* Info.plist */,
			);
			path = "Film Forever";
			sourceTree = "<group>";
		};
		D0EC006527C222CA001DA797 /* Controllers */ = {
			isa = PBXGroup;
			children = (
				D0EC006627C2231D001DA797 /* HomeViewController.swift */,
				D0EC006827C22357001DA797 /* UpcomingViewController.swift */,
				D0EC006A27C22397001DA797 /* SearchViewController.swift */,
				D0EC006C27C223B3001DA797 /* DownloadsViewController.swift */,
			);
			path = Controllers;
			sourceTree = "<group>";
		};
		D0EC006F27C22EE1001DA797 /* Views */ = {
			isa = PBXGroup;
			children = (
				D0EC007427C22FB6001DA797 /* CollectionViewTableViewCell.swift */,
				D0EC007627C24A3A001DA797 /* HeroHeaderUIView.swift */,
			);
			path = Views;
			sourceTree = "<group>";
		};
		D0EC007027C22EEB001DA797 /* ViewModels */ = {
			isa = PBXGroup;
			children = (
			);
			path = ViewModels;
			sourceTree = "<group>";
		};
		D0EC007127C22EF4001DA797 /* Models */ = {
			isa = PBXGroup;
			children = (
				D0EC007A27C29B0A001DA797 /* TrendingMoviesResponse.swift */,
			);
			path = Models;
			sourceTree = "<group>";
		};
		D0EC007227C22F2C001DA797 /* Resources */ = {
			isa = PBXGroup;
			children = (
			);
			path = Resources;
			sourceTree = "<group>";
		};
		D0EC007327C22F45001DA797 /* Managers */ = {
			isa = PBXGroup;
			children = (
				D0EC007827C294AF001DA797 /* ApiCaller.swift */,
			);
			path = Managers;
			sourceTree = "<group>";
		};
/* End PBXGroup section */

/* Begin PBXNativeTarget section */
		D0044A8E27C16DFB00CF9C82 /* Film Forever */ = {
			isa = PBXNativeTarget;
			buildConfigurationList = D0044AA327C16DFE00CF9C82 /* Build configuration list for PBXNativeTarget "Film Forever" */;
			buildPhases = (
				D0044A8B27C16DFB00CF9C82 /* Sources */,
				D0044A8C27C16DFB00CF9C82 /* Frameworks */,
				D0044A8D27C16DFB00CF9C82 /* Resources */,
			);
			buildRules = (
			);
			dependencies = (
			);
			name = "Film Forever";
			productName = "Film Forever";
			productReference = D0044A8F27C16DFB00CF9C82 /* Film Forever.app */;
			productType = "com.apple.product-type.application";
		};
/* End PBXNativeTarget section */

/* Begin PBXProject section */
		D0044A8727C16DFB00CF9C82 /* Project object */ = {
			isa = PBXProject;
			attributes = {
				BuildIndependentTargetsInParallel = 1;
				LastSwiftUpdateCheck = 1320;
				LastUpgradeCheck = 1320;
				TargetAttributes = {
					D0044A8E27C16DFB00CF9C82 = {
						CreatedOnToolsVersion = 13.2.1;
					};
				};
			};
			buildConfigurationList = D0044A8A27C16DFB00CF9C82 /* Build configuration list for PBXProject "Film Forever" */;
			compatibilityVersion = "Xcode 13.0";
			developmentRegion = en;
			hasScannedForEncodings = 0;
			knownRegions = (
				en,
				Base,
			);
			mainGroup = D0044A8627C16DFB00CF9C82;
			productRefGroup = D0044A9027C16DFB00CF9C82 /* Products */;
			projectDirPath = "";
			projectRoot = "";
			targets = (
				D0044A8E27C16DFB00CF9C82 /* Film Forever */,
			);
		};
/* End PBXProject section */

/* Begin PBXResourcesBuildPhase section */
		D0044A8D27C16DFB00CF9C82 /* Resources */ = {
			isa = PBXResourcesBuildPhase;
			buildActionMask = 2147483647;
			files = (
				D0044A9F27C16DFE00CF9C82 /* LaunchScreen.storyboard in Resources */,
				D0044A9C27C16DFE00CF9C82 /* Assets.xcassets in Resources */,
			);
			runOnlyForDeploymentPostprocessing = 0;
		};
/* End PBXResourcesBuildPhase section */

/* Begin PBXSourcesBuildPhase section */
		D0044A8B27C16DFB00CF9C82 /* Sources */ = {
			isa = PBXSourcesBuildPhase;
			buildActionMask = 2147483647;
			files = (
				D0EC006B27C22397001DA797 /* SearchViewController.swift in Sources */,
				D0044A9727C16DFB00CF9C82 /* MainTabBarViewController.swift in Sources */,
				D0EC007527C22FB6001DA797 /* CollectionViewTableViewCell.swift in Sources */,
				D0EC007727C24A3A001DA797 /* HeroHeaderUIView.swift in Sources */,
				D0EC006D27C223B3001DA797 /* DownloadsViewController.swift in Sources */,
				D0044A9327C16DFB00CF9C82 /* AppDelegate.swift in Sources */,
				D0EC006927C22357001DA797 /* UpcomingViewController.swift in Sources */,
				D0044A9527C16DFB00CF9C82 /* SceneDelegate.swift in Sources */,
				D0EC006727C2231D001DA797 /* HomeViewController.swift in Sources */,
				D0EC007B27C29B0A001DA797 /* TrendingMoviesResponse.swift in Sources */,
				D0EC007927C294AF001DA797 /* ApiCaller.swift in Sources */,
			);
			runOnlyForDeploymentPostprocessing = 0;
		};
/* End PBXSourcesBuildPhase section */

/* Begin PBXVariantGroup section */
		D0044A9D27C16DFE00CF9C82 /* LaunchScreen.storyboard */ = {
			isa = PBXVariantGroup;
			children = (
				D0044A9E27C16DFE00CF9C82 /* Base */,
			);
			name = LaunchScreen.storyboard;
			sourceTree = "<group>";
		};
/* End PBXVariantGroup section */

/* Begin XCBuildConfiguration section */
		D0044AA127C16DFE00CF9C82 /* Debug */ = {
			isa = XCBuildConfiguration;
			buildSettings = {
				ALWAYS_SEARCH_USER_PATHS = NO;
				CLANG_ANALYZER_NONNULL = YES;
				CLANG_ANALYZER_NUMBER_OBJECT_CONVERSION = YES_AGGRESSIVE;
				CLANG_CXX_LANGUAGE_STANDARD = "gnu++17";
				CLANG_CXX_LIBRARY = "libc++";
				CLANG_ENABLE_MODULES = YES;
				CLANG_ENABLE_OBJC_ARC = YES;
				CLANG_ENABLE_OBJC_WEAK = YES;
				CLANG_WARN_BLOCK_CAPTURE_AUTORELEASING = YES;
				CLANG_WARN_BOOL_CONVERSION = YES;
				CLANG_WARN_COMMA = YES;
				CLANG_WARN_CONSTANT_CONVERSION = YES;
				CLANG_WARN_DEPRECATED_OBJC_IMPLEMENTATIONS = YES;
				CLANG_WARN_DIRECT_OBJC_ISA_USAGE = YES_ERROR;
				CLANG_WARN_DOCUMENTATION_COMMENTS = YES;
				CLANG_WARN_EMPTY_BODY = YES;
				CLANG_WARN_ENUM_CONVERSION = YES;
				CLANG_WARN_INFINITE_RECURSION = YES;
				CLANG_WARN_INT_CONVERSION = YES;
				CLANG_WARN_NON_LITERAL_NULL_CONVERSION = YES;
				CLANG_WARN_OBJC_IMPLICIT_RETAIN_SELF = YES;
				CLANG_WARN_OBJC_LITERAL_CONVERSION = YES;
				CLANG_WARN_OBJC_ROOT_CLASS = YES_ERROR;
				CLANG_WARN_QUOTED_INCLUDE_IN_FRAMEWORK_HEADER = YES;
				CLANG_WARN_RANGE_LOOP_ANALYSIS = YES;
				CLANG_WARN_STRICT_PROTOTYPES = YES;
				CLANG_WARN_SUSPICIOUS_MOVE = YES;
				CLANG_WARN_UNGUARDED_AVAILABILITY = YES_AGGRESSIVE;
				CLANG_WARN_UNREACHABLE_CODE = YES;
				CLANG_WARN__DUPLICATE_METHOD_MATCH = YES;
				COPY_PHASE_STRIP = NO;
				DEBUG_INFORMATION_FORMAT = dwarf;
				ENABLE_STRICT_OBJC_MSGSEND = YES;
				ENABLE_TESTABILITY = YES;
				GCC_C_LANGUAGE_STANDARD = gnu11;
				GCC_DYNAMIC_NO_PIC = NO;
				GCC_NO_COMMON_BLOCKS = YES;
				GCC_OPTIMIZATION_LEVEL = 0;
				GCC_PREPROCESSOR_DEFINITIONS = (
					"DEBUG=1",
					"$(inherited)",
				);
				GCC_WARN_64_TO_32_BIT_CONVERSION = YES;
				GCC_WARN_ABOUT_RETURN_TYPE = YES_ERROR;
				GCC_WARN_UNDECLARED_SELECTOR = YES;
				GCC_WARN_UNINITIALIZED_AUTOS = YES_AGGRESSIVE;
				GCC_WARN_UNUSED_FUNCTION = YES;
				GCC_WARN_UNUSED_VARIABLE = YES;
				IPHONEOS_DEPLOYMENT_TARGET = 15.2;
				MTL_ENABLE_DEBUG_INFO = INCLUDE_SOURCE;
				MTL_FAST_MATH = YES;
				ONLY_ACTIVE_ARCH = YES;
				SDKROOT = iphoneos;
				SWIFT_ACTIVE_COMPILATION_CONDITIONS = DEBUG;
				SWIFT_OPTIMIZATION_LEVEL = "-Onone";
			};
			name = Debug;
		};
		D0044AA227C16DFE00CF9C82 /* Release */ = {
			isa = XCBuildConfiguration;
			buildSettings = {
				ALWAYS_SEARCH_USER_PATHS = NO;
				CLANG_ANALYZER_NONNULL = YES;
				CLANG_ANALYZER_NUMBER_OBJECT_CONVERSION = YES_AGGRESSIVE;
				CLANG_CXX_LANGUAGE_STANDARD = "gnu++17";
				CLANG_CXX_LIBRARY = "libc++";
				CLANG_ENABLE_MODULES = YES;
				CLANG_ENABLE_OBJC_ARC = YES;
				CLANG_ENABLE_OBJC_WEAK = YES;
				CLANG_WARN_BLOCK_CAPTURE_AUTORELEASING = YES;
				CLANG_WARN_BOOL_CONVERSION = YES;
				CLANG_WARN_COMMA = YES;
				CLANG_WARN_CONSTANT_CONVERSION = YES;
				CLANG_WARN_DEPRECATED_OBJC_IMPLEMENTATIONS = YES;
				CLANG_WARN_DIRECT_OBJC_ISA_USAGE = YES_ERROR;
				CLANG_WARN_DOCUMENTATION_COMMENTS = YES;
				CLANG_WARN_EMPTY_BODY = YES;
				CLANG_WARN_ENUM_CONVERSION = YES;
				CLANG_WARN_INFINITE_RECURSION = YES;
				CLANG_WARN_INT_CONVERSION = YES;
				CLANG_WARN_NON_LITERAL_NULL_CONVERSION = YES;
				CLANG_WARN_OBJC_IMPLICIT_RETAIN_SELF = YES;
				CLANG_WARN_OBJC_LITERAL_CONVERSION = YES;
				CLANG_WARN_OBJC_ROOT_CLASS = YES_ERROR;
				CLANG_WARN_QUOTED_INCLUDE_IN_FRAMEWORK_HEADER = YES;
				CLANG_WARN_RANGE_LOOP_ANALYSIS = YES;
				CLANG_WARN_STRICT_PROTOTYPES = YES;
				CLANG_WARN_SUSPICIOUS_MOVE = YES;
				CLANG_WARN_UNGUARDED_AVAILABILITY = YES_AGGRESSIVE;
				CLANG_WARN_UNREACHABLE_CODE = YES;
				CLANG_WARN__DUPLICATE_METHOD_MATCH = YES;
				COPY_PHASE_STRIP = NO;
				DEBUG_INFORMATION_FORMAT = "dwarf-with-dsym";
				ENABLE_NS_ASSERTIONS = NO;
				ENABLE_STRICT_OBJC_MSGSEND = YES;
				GCC_C_LANGUAGE_STANDARD = gnu11;
				GCC_NO_COMMON_BLOCKS = YES;
				GCC_WARN_64_TO_32_BIT_CONVERSION = YES;
				GCC_WARN_ABOUT_RETURN_TYPE = YES_ERROR;
				GCC_WARN_UNDECLARED_SELECTOR = YES;
				GCC_WARN_UNINITIALIZED_AUTOS = YES_AGGRESSIVE;
				GCC_WARN_UNUSED_FUNCTION = YES;
				GCC_WARN_UNUSED_VARIABLE = YES;
				IPHONEOS_DEPLOYMENT_TARGET = 15.2;
				MTL_ENABLE_DEBUG_INFO = NO;
				MTL_FAST_MATH = YES;
				SDKROOT = iphoneos;
				SWIFT_COMPILATION_MODE = wholemodule;
				SWIFT_OPTIMIZATION_LEVEL = "-O";
				VALIDATE_PRODUCT = YES;
			};
			name = Release;
		};
		D0044AA427C16DFE00CF9C82 /* Debug */ = {
			isa = XCBuildConfiguration;
			buildSettings = {
				ASSETCATALOG_COMPILER_APPICON_NAME = AppIcon;
				ASSETCATALOG_COMPILER_GLOBAL_ACCENT_COLOR_NAME = AccentColor;
				CODE_SIGN_STYLE = Automatic;
				CURRENT_PROJECT_VERSION = 1;
				DEVELOPMENT_TEAM = 28R2P4Y8AC;
				GENERATE_INFOPLIST_FILE = YES;
				INFOPLIST_FILE = "Film Forever/Info.plist";
				INFOPLIST_KEY_UIApplicationSupportsIndirectInputEvents = YES;
				INFOPLIST_KEY_UILaunchStoryboardName = LaunchScreen;
				INFOPLIST_KEY_UISupportedInterfaceOrientations_iPad = "UIInterfaceOrientationPortrait UIInterfaceOrientationPortraitUpsideDown UIInterfaceOrientationLandscapeLeft UIInterfaceOrientationLandscapeRight";
				INFOPLIST_KEY_UISupportedInterfaceOrientations_iPhone = "UIInterfaceOrientationPortrait UIInterfaceOrientationLandscapeLeft UIInterfaceOrientationLandscapeRight";
				LD_RUNPATH_SEARCH_PATHS = (
					"$(inherited)",
					"@executable_path/Frameworks",
				);
				MARKETING_VERSION = 1.0;
				PRODUCT_BUNDLE_IDENTIFIER = "com.edu.duncank.Film-Forever";
				PRODUCT_NAME = "$(TARGET_NAME)";
				SWIFT_EMIT_LOC_STRINGS = YES;
				SWIFT_VERSION = 5.0;
				TARGETED_DEVICE_FAMILY = "1,2";
			};
			name = Debug;
		};
		D0044AA527C16DFE00CF9C82 /* Release */ = {
			isa = XCBuildConfiguration;
			buildSettings = {
				ASSETCATALOG_COMPILER_APPICON_NAME = AppIcon;
				ASSETCATALOG_COMPILER_GLOBAL_ACCENT_COLOR_NAME = AccentColor;
				CODE_SIGN_STYLE = Automatic;
				CURRENT_PROJECT_VERSION = 1;
				DEVELOPMENT_TEAM = 28R2P4Y8AC;
				GENERATE_INFOPLIST_FILE = YES;
				INFOPLIST_FILE = "Film Forever/Info.plist";
				INFOPLIST_KEY_UIApplicationSupportsIndirectInputEvents = YES;
				INFOPLIST_KEY_UILaunchStoryboardName = LaunchScreen;
				INFOPLIST_KEY_UISupportedInterfaceOrientations_iPad = "UIInterfaceOrientationPortrait UIInterfaceOrientationPortraitUpsideDown UIInterfaceOrientationLandscapeLeft UIInterfaceOrientationLandscapeRight";
				INFOPLIST_KEY_UISupportedInterfaceOrientations_iPhone = "UIInterfaceOrientationPortrait UIInterfaceOrientationLandscapeLeft UIInterfaceOrientationLandscapeRight";
				LD_RUNPATH_SEARCH_PATHS = (
					"$(inherited)",
					"@executable_path/Frameworks",
				);
				MARKETING_VERSION = 1.0;
				PRODUCT_BUNDLE_IDENTIFIER = "com.edu.duncank.Film-Forever";
				PRODUCT_NAME = "$(TARGET_NAME)";
				SWIFT_EMIT_LOC_STRINGS = YES;
				SWIFT_VERSION = 5.0;
				TARGETED_DEVICE_FAMILY = "1,2";
			};
			name = Release;
		};
/* End XCBuildConfiguration section */

/* Begin XCConfigurationList section */
		D0044A8A27C16DFB00CF9C82 /* Build configuration list for PBXProject "Film Forever" */ = {
			isa = XCConfigurationList;
			buildConfigurations = (
				D0044AA127C16DFE00CF9C82 /* Debug */,
				D0044AA227C16DFE00CF9C82 /* Release */,
			);
			defaultConfigurationIsVisible = 0;
			defaultConfigurationName = Release;
		};
		D0044AA327C16DFE00CF9C82 /* Build configuration list for PBXNativeTarget "Film Forever" */ = {
			isa = XCConfigurationList;
			buildConfigurations = (
				D0044AA427C16DFE00CF9C82 /* Debug */,
				D0044AA527C16DFE00CF9C82 /* Release */,
			);
			defaultConfigurationIsVisible = 0;
			defaultConfigurationName = Release;
		};
/* End XCConfigurationList section */
	};
	rootObject = D0044A8727C16DFB00CF9C82 /* Project object */;
}
